
Microsoft Visual Studio Solution File, Format Version 9.00
# Visual Studio 2005
Project("{FAE04EC0-301F-11D3-BF4B-00C04F79EFBC}") = "WinFastFood", "WinFastFood\WinFastFood.csproj", "{297753EF-E158-4DD3-9A79-24A31FC9CD33}"
EndProject
Project("{FAE04EC0-301F-11D3-BF4B-00C04F79EFBC}") = "FastFood.BB", "FastFood.BB\FastFood.BB.csproj", "{BADB6870-139C-4844-A041-898371DEBD74}"
EndProject
Project("{FAE04EC0-301F-11D3-BF4B-00C04F79EFBC}") = "FastFood.Core", "FastFood.Core\FastFood.Core.csproj", "{78F54A1D-8AA7-47D5-9F30-8667E1789BEB}"
EndProject
Project("{FAE04EC0-301F-11D3-BF4B-00C04F79EFBC}") = "Controles", "..\..\..\PSV2008\trunk\Desarrollo\PSV\Controles\Controles\Controles.csproj", "{95342C30-D349-4C81-BB12-A1D1202A5884}"
EndProject
Project("{FAE04EC0-301F-11D3-BF4B-00C04F79EFBC}") = "FSO_NH2", "..\..\..\FSO_NH2\trunk\FSO_NH2\FSO_NH2.csproj", "{1EEBBE8F-3011-4ACF-9708-EB1ADEDE3B4B}"
EndProject
Project("{FAE04EC0-301F-11D3-BF4B-00C04F79EFBC}") = "ToolBox", "..\..\..\FSO_NH2\trunk\ToolBox\ToolBox.csproj", "{6946ED3D-8BA4-4B6B-A270-C1D7B26E28B2}"
EndProject
Global
	GlobalSection(SolutionConfigurationPlatforms) = preSolution
		Debug|Any CPU = Debug|Any CPU
		Release|Any CPU = Release|Any CPU
	EndGlobalSection
	GlobalSection(ProjectConfigurationPlatforms) = postSolution
		{297753EF-E158-4DD3-9A79-24A31FC9CD33}.Debug|Any CPU.ActiveCfg = Debug|Any CPU
		{297753EF-E158-4DD3-9A79-24A31FC9CD33}.Debug|Any CPU.Build.0 = Debug|Any CPU
		{297753EF-E158-4DD3-9A79-24A31FC9CD33}.Release|Any CPU.ActiveCfg = Release|Any CPU
		{297753EF-E158-4DD3-9A79-24A31FC9CD33}.Release|Any CPU.Build.0 = Release|Any CPU
		{BADB6870-139C-4844-A041-898371DEBD74}.Debug|Any CPU.ActiveCfg = Debug|Any CPU
		{BADB6870-139C-4844-A041-898371DEBD74}.Debug|Any CPU.Build.0 = Debug|Any CPU
		{BADB6870-139C-4844-A041-898371DEBD74}.Release|Any CPU.ActiveCfg = Release|Any CPU
		{BADB6870-139C-4844-A041-898371DEBD74}.Release|Any CPU.Build.0 = Release|Any CPU
		{78F54A1D-8AA7-47D5-9F30-8667E1789BEB}.Debug|Any CPU.ActiveCfg = Debug|Any CPU
		{78F54A1D-8AA7-47D5-9F30-8667E1789BEB}.Debug|Any CPU.Build.0 = Debug|Any CPU
		{78F54A1D-8AA7-47D5-9F30-8667E1789BEB}.Release|Any CPU.ActiveCfg = Release|Any CPU
		{78F54A1D-8AA7-47D5-9F30-8667E1789BEB}.Release|Any CPU.Build.0 = Release|Any CPU
		{95342C30-D349-4C81-BB12-A1D1202A5884}.Debug|Any CPU.ActiveCfg = Debug|Any CPU
		{95342C30-D349-4C81-BB12-A1D1202A5884}.Debug|Any CPU.Build.0 = Debug|Any CPU
		{95342C30-D349-4C81-BB12-A1D1202A5884}.Release|Any CPU.ActiveCfg = Release|Any CPU
		{95342C30-D349-4C81-BB12-A1D1202A5884}.Release|Any CPU.Build.0 = Release|Any CPU
		{1EEBBE8F-3011-4ACF-9708-EB1ADEDE3B4B}.Debug|Any CPU.ActiveCfg = Debug|Any CPU
		{1EEBBE8F-3011-4ACF-9708-EB1ADEDE3B4B}.Debug|Any CPU.Build.0 = Debug|Any CPU
		{1EEBBE8F-3011-4ACF-9708-EB1ADEDE3B4B}.Release|Any CPU.ActiveCfg = Release|Any CPU
		{1EEBBE8F-3011-4ACF-9708-EB1ADEDE3B4B}.Release|Any CPU.Build.0 = Release|Any CPU
		{6946ED3D-8BA4-4B6B-A270-C1D7B26E28B2}.Debug|Any CPU.ActiveCfg = Debug|Any CPU
		{6946ED3D-8BA4-4B6B-A270-C1D7B26E28B2}.Debug|Any CPU.Build.0 = Debug|Any CPU
		{6946ED3D-8BA4-4B6B-A270-C1D7B26E28B2}.Release|Any CPU.ActiveCfg = Release|Any CPU
		{6946ED3D-8BA4-4B6B-A270-C1D7B26E28B2}.Release|Any CPU.Build.0 = Release|Any CPU
	EndGlobalSection
	GlobalSection(SolutionProperties) = preSolution
		HideSolutionNode = FALSE
	EndGlobalSection
EndGlobal
